
Microsoft Visual Studio Solution File, Format Version 11.00
# Visual Studio 2010
Project("{F2A71F9B-5D33-465A-A702-920D77279786}") = "WorldConquest", "WorldConquest\WorldConquest.fsproj", "{502987D6-4C84-45FB-80FA-7E7CF78AF41E}"
EndProject
Global
	GlobalSection(SolutionConfigurationPlatforms) = preSolution
		Debug|Any CPU = Debug|Any CPU
		Release|Any CPU = Release|Any CPU
	EndGlobalSection
	GlobalSection(ProjectConfigurationPlatforms) = postSolution
		{502987D6-4C84-45FB-80FA-7E7CF78AF41E}.Debug|Any CPU.ActiveCfg = Debug|Any CPU
		{502987D6-4C84-45FB-80FA-7E7CF78AF41E}.Debug|Any CPU.Build.0 = Debug|Any CPU
		{502987D6-4C84-45FB-80FA-7E7CF78AF41E}.Release|Any CPU.ActiveCfg = Release|Any CPU
		{502987D6-4C84-45FB-80FA-7E7CF78AF41E}.Release|Any CPU.Build.0 = Release|Any CPU
	EndGlobalSection
	GlobalSection(SolutionProperties) = preSolution
		HideSolutionNode = FALSE
	EndGlobalSection
EndGlobal
